dependencies:
- name: final-appset
  repository: file://./charts/final-appset
  version: 0.0.0
- name: metabase
  repository: file://./charts/metabase
  version: 0.0.0
- name: oauth2-proxy
  repository: file://./charts/oauth2-proxy
  version: 0.0.0
digest: sha256:85c13400ebbe6b3eb713a92f1d64b5bf291529240bd898cd64828a4a3e9ed240
generated: "2026-07-31T11:28:06.38743734+02:00"
