dependencies:
- name: vaultwarden
  repository: https://guerzon.github.io/vaultwarden
  version: 0.31.6
- name: cnpg-cluster
  repository: https://socialgouv.github.io/helm-charts
  version: 1.30.5
digest: sha256:ed201311f5ac781ff6425834b0f9f7e39dfabfed78034b6bbe5d129eb89d307e
generated: "2025-02-24T11:16:50.306484745+01:00"
