dependencies:
- name: vaultwarden
  repository: https://guerzon.github.io/vaultwarden
  version: 0.34.4
- name: cnpg-cluster
  repository: https://socialgouv.github.io/helm-charts
  version: 1.30.5
digest: sha256:1b277279db50b6bdeadf51c20149416143d27496ecd65077c474121f76a00a5b
generated: "2025-10-07T14:39:46.65621989Z"
