dependencies:
- name: common
  repository: file://./charts/common
  version: 0.0.0
- name: cnpg-cluster
  repository: https://socialgouv.github.io/helm-charts
  version: 1.30.7
digest: sha256:d77ebe4f5d40ec2526aeb737353070a957588412b7d8d144903e6e22377a0c28
generated: "2025-10-07T14:38:51.483162421Z"
