dependencies:
- name: final-appset
  repository: file://./charts/final-appset
  version: 0.0.0
- name: metabase
  repository: file://./charts/metabase
  version: 0.0.0
- name: metabase-matomo-sync
  repository: file://./charts/metabase-matomo-sync
  version: 0.0.0
- name: metabase-matomo-sync
  repository: file://./charts/metabase-matomo-sync
  version: 0.0.0
- name: metabase-matomo-sync
  repository: file://./charts/metabase-matomo-sync
  version: 0.0.0
- name: metabase-matomo-sync
  repository: file://./charts/metabase-matomo-sync
  version: 0.0.0
- name: pastek-mirror
  repository: file://./charts/pastek-mirror
  version: 0.0.0
- name: oauth2-proxy
  repository: file://./charts/oauth2-proxy
  version: 0.0.0
digest: sha256:55393902713001533968a3becfa3cfbaa0a64b7784b074e1bcdf1cdc7c91fa1a
generated: "2026-09-02T11:42:43.413584053+02:00"
