dependencies:
- name: iterion
  repository: oci://ghcr.io/socialgouv/charts
  version: 3.102.0
- name: valkey
  repository: https://cloudpirates-io.github.io/helm-charts
  version: 0.10.3
- name: mongodb
  repository: https://groundhog2k.github.io/helm-charts/
  version: 0.7.8
- name: minio
  repository: https://charts.min.io/
  version: 5.4.0
digest: sha256:a3db1593c3bf5e07e01f54ec8a78adde5ff65d90f65af4938bad0c5980b2483c
generated: "2026-09-05T01:44:18.587042608+02:00"
