dependencies:
- name: iterion
  repository: oci://ghcr.io/socialgouv/charts
  version: 0.34.0
- name: valkey
  repository: https://cloudpirates-io.github.io/helm-charts
  version: 0.10.3
- name: mongodb
  repository: https://groundhog2k.github.io/helm-charts/
  version: 0.7.8
- name: minio
  repository: https://charts.min.io/
  version: 5.4.0
digest: sha256:03c6b991a781f4140b5bf508c7d79f783d4662de358bbf40834ff73a937885c1
generated: "2026-07-09T10:40:05.719849767+02:00"
