dependencies:
- name: iterion
  repository: oci://ghcr.io/socialgouv/charts
  version: 0.32.0
- name: valkey
  repository: https://cloudpirates-io.github.io/helm-charts
  version: 0.10.3
- name: mongodb
  repository: https://groundhog2k.github.io/helm-charts/
  version: 0.7.8
- name: minio
  repository: https://charts.min.io/
  version: 5.4.0
digest: sha256:78ae9c1b22b5d4affc8c44c049e656dfee36d452b798bda00951b409529c8f96
generated: "2026-07-08T20:43:13.201912052+02:00"
