dependencies:
- name: final-appset
  repository: file://./charts/final-appset
  version: 0.0.0
- name: metabase
  repository: file://./charts/metabase
  version: 0.0.0
- name: metabase-matomo-sync
  repository: file://./charts/metabase-matomo-sync
  version: 0.0.0
- name: oauth2-proxy
  repository: file://./charts/oauth2-proxy
  version: 0.0.0
digest: sha256:9ae616f8d4f17c85b277335298e909cf1b5ee0de6513b0c42cd8f14033419df2
generated: "2026-09-02T11:42:34.93830592+02:00"
