dependencies:
- name: buildkit-service
  repository: https://socialgouv.github.io/helm-charts
  version: 1.30.7
- name: 3s
  repository: file://./charts/3s
  version: 0.1.0
digest: sha256:f3493c24126b2181b2b1adc0c14a245eaa882ec927d377dab02c0e32b6ee3224
generated: "2025-08-04T10:41:29.351416976+02:00"
